
Microsoft Visual Studio Solution File, Format Version 12.00
# Visual Studio Version 16
VisualStudioVersion = 16.0.30711.63
MinimumVisualStudioVersion = 10.0.40219.1
Project("{9A19103F-16F7-4668-BE54-9A1E7A4F7556}") = "Fhi.EikUtforsker", "Fhi.EikUtforsker\Fhi.EikUtforsker.csproj", "{838ED6BE-56D9-4990-9703-605B5145519B}"
EndProject
Global
	GlobalSection(SolutionConfigurationPlatforms) = preSolution
		Debug|Any CPU = Debug|Any CPU
		Release|Any CPU = Release|Any CPU
	EndGlobalSection
	GlobalSection(ProjectConfigurationPlatforms) = postSolution
		{838ED6BE-56D9-4990-9703-605B5145519B}.Debug|Any CPU.ActiveCfg = Debug|Any CPU
		{838ED6BE-56D9-4990-9703-605B5145519B}.Debug|Any CPU.Build.0 = Debug|Any CPU
		{838ED6BE-56D9-4990-9703-605B5145519B}.Release|Any CPU.ActiveCfg = Release|Any CPU
		{838ED6BE-56D9-4990-9703-605B5145519B}.Release|Any CPU.Build.0 = Release|Any CPU
	EndGlobalSection
	GlobalSection(SolutionProperties) = preSolution
		HideSolutionNode = FALSE
	EndGlobalSection
	GlobalSection(ExtensibilityGlobals) = postSolution
		SolutionGuid = {8AED6B19-42B8-4584-9FC5-11EFE756D530}
	EndGlobalSection
EndGlobal
